
Microsoft Visual Studio Solution File, Format Version 12.00
# Visual Studio Version 17
VisualStudioVersion = 17.14.36202.13
MinimumVisualStudioVersion = 10.0.40219.1
Project("{FAE04EC0-301F-11D3-BF4B-00C04F79EFBC}") = "Proyecto1", "Proyecto1\Proyecto1.csproj", "{F6BBFCCB-3A6E-459E-AF4A-C12EDF38FD80}"
EndProject
Project("{FAE04EC0-301F-11D3-BF4B-00C04F79EFBC}") = "WebApplicationProyecto", "WebApplicationProyecto\WebApplicationProyecto.csproj", "{A3A678E9-3D22-4EF7-9EEF-D21AC12F3763}"
EndProject
Project("{FAE04EC0-301F-11D3-BF4B-00C04F79EFBC}") = "Modelos", "Modelos\Modelos.csproj", "{69C45471-66A7-400D-9DD9-80AE659DE686}"
EndProject
Global
	GlobalSection(SolutionConfigurationPlatforms) = preSolution
		Debug|Any CPU = Debug|Any CPU
		Release|Any CPU = Release|Any CPU
	EndGlobalSection
	GlobalSection(ProjectConfigurationPlatforms) = postSolution
		{F6BBFCCB-3A6E-459E-AF4A-C12EDF38FD80}.Debug|Any CPU.ActiveCfg = Debug|Any CPU
		{F6BBFCCB-3A6E-459E-AF4A-C12EDF38FD80}.Debug|Any CPU.Build.0 = Debug|Any CPU
		{F6BBFCCB-3A6E-459E-AF4A-C12EDF38FD80}.Release|Any CPU.ActiveCfg = Release|Any CPU
		{F6BBFCCB-3A6E-459E-AF4A-C12EDF38FD80}.Release|Any CPU.Build.0 = Release|Any CPU
		{A3A678E9-3D22-4EF7-9EEF-D21AC12F3763}.Debug|Any CPU.ActiveCfg = Debug|Any CPU
		{A3A678E9-3D22-4EF7-9EEF-D21AC12F3763}.Debug|Any CPU.Build.0 = Debug|Any CPU
		{A3A678E9-3D22-4EF7-9EEF-D21AC12F3763}.Release|Any CPU.ActiveCfg = Release|Any CPU
		{A3A678E9-3D22-4EF7-9EEF-D21AC12F3763}.Release|Any CPU.Build.0 = Release|Any CPU
		{69C45471-66A7-400D-9DD9-80AE659DE686}.Debug|Any CPU.ActiveCfg = Debug|Any CPU
		{69C45471-66A7-400D-9DD9-80AE659DE686}.Debug|Any CPU.Build.0 = Debug|Any CPU
		{69C45471-66A7-400D-9DD9-80AE659DE686}.Release|Any CPU.ActiveCfg = Release|Any CPU
		{69C45471-66A7-400D-9DD9-80AE659DE686}.Release|Any CPU.Build.0 = Release|Any CPU
	EndGlobalSection
	GlobalSection(SolutionProperties) = preSolution
		HideSolutionNode = FALSE
	EndGlobalSection
	GlobalSection(ExtensibilityGlobals) = postSolution
		SolutionGuid = {637F0B9B-42DA-4ABD-8210-38FD6CF5DB2D}
	EndGlobalSection
EndGlobal
